
Microsoft Visual Studio Solution File, Format Version 12.00
# Visual Studio Version 16
VisualStudioVersion = 16.0.30503.244
MinimumVisualStudioVersion = 10.0.40219.1
Project("{FAE04EC0-301F-11D3-BF4B-00C04F79EFBC}") = "GithubTest", "GithubTest\GithubTest.csproj", "{29DA2ECE-CCF8-41AF-8A44-EB77980F2ACC}"
EndProject
Global
	GlobalSection(SolutionConfigurationPlatforms) = preSolution
		Debug|Any CPU = Debug|Any CPU
		Release|Any CPU = Release|Any CPU
	EndGlobalSection
	GlobalSection(ProjectConfigurationPlatforms) = postSolution
		{29DA2ECE-CCF8-41AF-8A44-EB77980F2ACC}.Debug|Any CPU.ActiveCfg = Debug|Any CPU
		{29DA2ECE-CCF8-41AF-8A44-EB77980F2ACC}.Debug|Any CPU.Build.0 = Debug|Any CPU
		{29DA2ECE-CCF8-41AF-8A44-EB77980F2ACC}.Release|Any CPU.ActiveCfg = Release|Any CPU
		{29DA2ECE-CCF8-41AF-8A44-EB77980F2ACC}.Release|Any CPU.Build.0 = Release|Any CPU
	EndGlobalSection
	GlobalSection(SolutionProperties) = preSolution
		HideSolutionNode = FALSE
	EndGlobalSection
	GlobalSection(ExtensibilityGlobals) = postSolution
		SolutionGuid = {CD57B87E-4D2E-41AF-8116-9DE6FD6C8CBB}
	EndGlobalSection
EndGlobal
